// !$*UTF8*$!
{
	archiveVersion = 1;
	classes = {
	};
	objectVersion = 56;
	objects = {

/* Begin PBXBuildFile section */
		8C10531E2C36F50D00735E88 /* CatsListViewModel.swift in Sources */ = {isa = PBXBuildFile; fileRef = 8C10531D2C36F50D00735E88 /* CatsListViewModel.swift */; };
		8C1053462C37070B00735E88 /* Components.framework in Frameworks */ = {isa = PBXBuildFile; fileRef = 8C1053452C37070B00735E88 /* Components.framework */; };
		8C1053472C37070B00735E88 /* Components.framework in Embed Frameworks */ = {isa = PBXBuildFile; fileRef = 8C1053452C37070B00735E88 /* Components.framework */; settings = {ATTRIBUTES = (CodeSignOnCopy, RemoveHeadersOnCopy, ); }; };
		8C1550082C34BD3C00089F17 /* Networking.framework in Frameworks */ = {isa = PBXBuildFile; fileRef = 8C1550072C34BD3C00089F17 /* Networking.framework */; };
		8C1550092C34BD3C00089F17 /* Networking.framework in Embed Frameworks */ = {isa = PBXBuildFile; fileRef = 8C1550072C34BD3C00089F17 /* Networking.framework */; settings = {ATTRIBUTES = (CodeSignOnCopy, RemoveHeadersOnCopy, ); }; };
		8C2570072C36042C00DDF578 /* CatsModel.swift in Sources */ = {isa = PBXBuildFile; fileRef = 8C2570062C36042C00DDF578 /* CatsModel.swift */; };
		8C25700D2C36276C00DDF578 /* EndPoint.swift in Sources */ = {isa = PBXBuildFile; fileRef = 8C25700C2C36276C00DDF578 /* EndPoint.swift */; };
		8C5896BE2C33388C00D9BA79 /* CatListViewController.swift in Sources */ = {isa = PBXBuildFile; fileRef = 8C5896BD2C33388C00D9BA79 /* CatListViewController.swift */; };
		8CF61FC42C3311B200E7AB70 /* AppDelegate.swift in Sources */ = {isa = PBXBuildFile; fileRef = 8CF61FC32C3311B200E7AB70 /* AppDelegate.swift */; };
		8CF61FC62C3311B200E7AB70 /* SceneDelegate.swift in Sources */ = {isa = PBXBuildFile; fileRef = 8CF61FC52C3311B200E7AB70 /* SceneDelegate.swift */; };
		8CF61FCB2C3311B200E7AB70 /* Base in Resources */ = {isa = PBXBuildFile; fileRef = 8CF61FCA2C3311B200E7AB70 /* Base */; };
		8CF61FCD2C3311B600E7AB70 /* Assets.xcassets in Resources */ = {isa = PBXBuildFile; fileRef = 8CF61FCC2C3311B600E7AB70 /* Assets.xcassets */; };
		8CF61FD02C3311B600E7AB70 /* Base in Resources */ = {isa = PBXBuildFile; fileRef = 8CF61FCF2C3311B600E7AB70 /* Base */; };
		8CF61FDB2C3311B600E7AB70 /* CatsAppTests.swift in Sources */ = {isa = PBXBuildFile; fileRef = 8CF61FDA2C3311B600E7AB70 /* CatsAppTests.swift */; };
		8CF61FE52C3311B600E7AB70 /* CatsAppUITests.swift in Sources */ = {isa = PBXBuildFile; fileRef = 8CF61FE42C3311B600E7AB70 /* CatsAppUITests.swift */; };
		8CF61FE72C3311B600E7AB70 /* CatsAppUITestsLaunchTests.swift in Sources */ = {isa = PBXBuildFile; fileRef = 8CF61FE62C3311B600E7AB70 /* CatsAppUITestsLaunchTests.swift */; };
/* End PBXBuildFile section */

/* Begin PBXContainerItemProxy section */
		8CF61FD72C3311B600E7AB70 /* PBXContainerItemProxy */ = {
			isa = PBXContainerItemProxy;
			containerPortal = 8CF61FB82C3311B200E7AB70 /* Project object */;
			proxyType = 1;
			remoteGlobalIDString = 8CF61FBF2C3311B200E7AB70;
			remoteInfo = CatsApp;
		};
		8CF61FE12C3311B600E7AB70 /* PBXContainerItemProxy */ = {
			isa = PBXContainerItemProxy;
			containerPortal = 8CF61FB82C3311B200E7AB70 /* Project object */;
			proxyType = 1;
			remoteGlobalIDString = 8CF61FBF2C3311B200E7AB70;
			remoteInfo = CatsApp;
		};
/* End PBXContainerItemProxy section */

/* Begin PBXCopyFilesBuildPhase section */
		8C15500A2C34BD3C00089F17 /* Embed Frameworks */ = {
			isa = PBXCopyFilesBuildPhase;
			buildActionMask = 2147483647;
			dstPath = "";
			dstSubfolderSpec = 10;
			files = (
				8C1053472C37070B00735E88 /* Components.framework in Embed Frameworks */,
				8C1550092C34BD3C00089F17 /* Networking.framework in Embed Frameworks */,
			);
			name = "Embed Frameworks";
			runOnlyForDeploymentPostprocessing = 0;
		};
/* End PBXCopyFilesBuildPhase section */

/* Begin PBXFileReference section */
		8C10531D2C36F50D00735E88 /* CatsListViewModel.swift */ = {isa = PBXFileReference; lastKnownFileType = sourcecode.swift; path = CatsListViewModel.swift; sourceTree = "<group>"; };
		8C1053452C37070B00735E88 /* Components.framework */ = {isa = PBXFileReference; explicitFileType = wrapper.framework; path = Components.framework; sourceTree = BUILT_PRODUCTS_DIR; };
		8C154FE12C34B8E300089F17 /* networkingCat.framework */ = {isa = PBXFileReference; explicitFileType = wrapper.framework; path = networkingCat.framework; sourceTree = BUILT_PRODUCTS_DIR; };
		8C1550072C34BD3C00089F17 /* Networking.framework */ = {isa = PBXFileReference; explicitFileType = wrapper.framework; path = Networking.framework; sourceTree = BUILT_PRODUCTS_DIR; };
		8C2570062C36042C00DDF578 /* CatsModel.swift */ = {isa = PBXFileReference; lastKnownFileType = sourcecode.swift; path = CatsModel.swift; sourceTree = "<group>"; };
		8C25700C2C36276C00DDF578 /* EndPoint.swift */ = {isa = PBXFileReference; lastKnownFileType = sourcecode.swift; path = EndPoint.swift; sourceTree = "<group>"; };
		8C5896BD2C33388C00D9BA79 /* CatListViewController.swift */ = {isa = PBXFileReference; lastKnownFileType = sourcecode.swift; path = CatListViewController.swift; sourceTree = "<group>"; };
		8CF61FC02C3311B200E7AB70 /* CatsApp.app */ = {isa = PBXFileReference; explicitFileType = wrapper.application; includeInIndex = 0; path = CatsApp.app; sourceTree = BUILT_PRODUCTS_DIR; };
		8CF61FC32C3311B200E7AB70 /* AppDelegate.swift */ = {isa = PBXFileReference; lastKnownFileType = sourcecode.swift; path = AppDelegate.swift; sourceTree = "<group>"; };
		8CF61FC52C3311B200E7AB70 /* SceneDelegate.swift */ = {isa = PBXFileReference; lastKnownFileType = sourcecode.swift; path = SceneDelegate.swift; sourceTree = "<group>"; };
		8CF61FCA2C3311B200E7AB70 /* Base */ = {isa = PBXFileReference; lastKnownFileType = file.storyboard; name = Base; path = Base.lproj/Main.storyboard; sourceTree = "<group>"; };
		8CF61FCC2C3311B600E7AB70 /* Assets.xcassets */ = {isa = PBXFileReference; lastKnownFileType = folder.assetcatalog; path = Assets.xcassets; sourceTree = "<group>"; };
		8CF61FCF2C3311B600E7AB70 /* Base */ = {isa = PBXFileReference; lastKnownFileType = file.storyboard; name = Base; path = Base.lproj/LaunchScreen.storyboard; sourceTree = "<group>"; };
		8CF61FD12C3311B600E7AB70 /* Info.plist */ = {isa = PBXFileReference; lastKnownFileType = text.plist.xml; path = Info.plist; sourceTree = "<group>"; };
		8CF61FD62C3311B600E7AB70 /* CatsAppTests.xctest */ = {isa = PBXFileReference; explicitFileType = wrapper.cfbundle; includeInIndex = 0; path = CatsAppTests.xctest; sourceTree = BUILT_PRODUCTS_DIR; };
		8CF61FDA2C3311B600E7AB70 /* CatsAppTests.swift */ = {isa = PBXFileReference; lastKnownFileType = sourcecode.swift; path = CatsAppTests.swift; sourceTree = "<group>"; };
		8CF61FE02C3311B600E7AB70 /* CatsAppUITests.xctest */ = {isa = PBXFileReference; explicitFileType = wrapper.cfbundle; includeInIndex = 0; path = CatsAppUITests.xctest; sourceTree = BUILT_PRODUCTS_DIR; };
		8CF61FE42C3311B600E7AB70 /* CatsAppUITests.swift */ = {isa = PBXFileReference; lastKnownFileType = sourcecode.swift; path = CatsAppUITests.swift; sourceTree = "<group>"; };
		8CF61FE62C3311B600E7AB70 /* CatsAppUITestsLaunchTests.swift */ = {isa = PBXFileReference; lastKnownFileType = sourcecode.swift; path = CatsAppUITestsLaunchTests.swift; sourceTree = "<group>"; };
/* End PBXFileReference section */

/* Begin PBXFrameworksBuildPhase section */
		8CF61FBD2C3311B200E7AB70 /* Frameworks */ = {
			isa = PBXFrameworksBuildPhase;
			buildActionMask = 2147483647;
			files = (
				8C1053462C37070B00735E88 /* Components.framework in Frameworks */,
				8C1550082C34BD3C00089F17 /* Networking.framework in Frameworks */,
			);
			runOnlyForDeploymentPostprocessing = 0;
		};
		8CF61FD32C3311B600E7AB70 /* Frameworks */ = {
			isa = PBXFrameworksBuildPhase;
			buildActionMask = 2147483647;
			files = (
			);
			runOnlyForDeploymentPostprocessing = 0;
		};
		8CF61FDD2C3311B600E7AB70 /* Frameworks */ = {
			isa = PBXFrameworksBuildPhase;
			buildActionMask = 2147483647;
			files = (
			);
			runOnlyForDeploymentPostprocessing = 0;
		};
/* End PBXFrameworksBuildPhase section */

/* Begin PBXGroup section */
		8C1053192C36F1F100735E88 /* CatList */ = {
			isa = PBXGroup;
			children = (
				8C10531C2C36F21300735E88 /* ViewModel */,
				8C10531A2C36F1F700735E88 /* View */,
			);
			path = CatList;
			sourceTree = "<group>";
		};
		8C10531A2C36F1F700735E88 /* View */ = {
			isa = PBXGroup;
			children = (
				8C5896BD2C33388C00D9BA79 /* CatListViewController.swift */,
			);
			path = View;
			sourceTree = "<group>";
		};
		8C10531C2C36F21300735E88 /* ViewModel */ = {
			isa = PBXGroup;
			children = (
				8C10531D2C36F50D00735E88 /* CatsListViewModel.swift */,
			);
			path = ViewModel;
			sourceTree = "<group>";
		};
		8C154FE02C34B8E300089F17 /* Frameworks */ = {
			isa = PBXGroup;
			children = (
				8C1053452C37070B00735E88 /* Components.framework */,
				8C1550072C34BD3C00089F17 /* Networking.framework */,
				8C154FE12C34B8E300089F17 /* networkingCat.framework */,
			);
			name = Frameworks;
			sourceTree = "<group>";
		};
		8C2570052C36041F00DDF578 /* Model */ = {
			isa = PBXGroup;
			children = (
				8C2570062C36042C00DDF578 /* CatsModel.swift */,
			);
			path = Model;
			sourceTree = "<group>";
		};
		8C25700B2C36274B00DDF578 /* Utils */ = {
			isa = PBXGroup;
			children = (
				8C25700C2C36276C00DDF578 /* EndPoint.swift */,
			);
			path = Utils;
			sourceTree = "<group>";
		};
		8CF61FB72C3311B200E7AB70 = {
			isa = PBXGroup;
			children = (
				8C25700B2C36274B00DDF578 /* Utils */,
				8C2570052C36041F00DDF578 /* Model */,
				8CF61FC22C3311B200E7AB70 /* CatsApp */,
				8CF61FD92C3311B600E7AB70 /* CatsAppTests */,
				8CF61FE32C3311B600E7AB70 /* CatsAppUITests */,
				8CF61FC12C3311B200E7AB70 /* Products */,
				8C154FE02C34B8E300089F17 /* Frameworks */,
			);
			sourceTree = "<group>";
		};
		8CF61FC12C3311B200E7AB70 /* Products */ = {
			isa = PBXGroup;
			children = (
				8CF61FC02C3311B200E7AB70 /* CatsApp.app */,
				8CF61FD62C3311B600E7AB70 /* CatsAppTests.xctest */,
				8CF61FE02C3311B600E7AB70 /* CatsAppUITests.xctest */,
			);
			name = Products;
			sourceTree = "<group>";
		};
		8CF61FC22C3311B200E7AB70 /* CatsApp */ = {
			isa = PBXGroup;
			children = (
				8C1053192C36F1F100735E88 /* CatList */,
				8CF61FC32C3311B200E7AB70 /* AppDelegate.swift */,
				8CF61FC52C3311B200E7AB70 /* SceneDelegate.swift */,
				8CF61FC92C3311B200E7AB70 /* Main.storyboard */,
				8CF61FCC2C3311B600E7AB70 /* Assets.xcassets */,
				8CF61FCE2C3311B600E7AB70 /* LaunchScreen.storyboard */,
				8CF61FD12C3311B600E7AB70 /* Info.plist */,
			);
			path = CatsApp;
			sourceTree = "<group>";
		};
		8CF61FD92C3311B600E7AB70 /* CatsAppTests */ = {
			isa = PBXGroup;
			children = (
				8CF61FDA2C3311B600E7AB70 /* CatsAppTests.swift */,
			);
			path = CatsAppTests;
			sourceTree = "<group>";
		};
		8CF61FE32C3311B600E7AB70 /* CatsAppUITests */ = {
			isa = PBXGroup;
			children = (
				8CF61FE42C3311B600E7AB70 /* CatsAppUITests.swift */,
				8CF61FE62C3311B600E7AB70 /* CatsAppUITestsLaunchTests.swift */,
			);
			path = CatsAppUITests;
			sourceTree = "<group>";
		};
/* End PBXGroup section */

/* Begin PBXNativeTarget section */
		8CF61FBF2C3311B200E7AB70 /* CatsApp */ = {
			isa = PBXNativeTarget;
			buildConfigurationList = 8CF61FEA2C3311B600E7AB70 /* Build configuration list for PBXNativeTarget "CatsApp" */;
			buildPhases = (
				8CF61FBC2C3311B200E7AB70 /* Sources */,
				8CF61FBD2C3311B200E7AB70 /* Frameworks */,
				8CF61FBE2C3311B200E7AB70 /* Resources */,
				8C15500A2C34BD3C00089F17 /* Embed Frameworks */,
			);
			buildRules = (
			);
			dependencies = (
			);
			name = CatsApp;
			productName = CatsApp;
			productReference = 8CF61FC02C3311B200E7AB70 /* CatsApp.app */;
			productType = "com.apple.product-type.application";
		};
		8CF61FD52C3311B600E7AB70 /* CatsAppTests */ = {
			isa = PBXNativeTarget;
			buildConfigurationList = 8CF61FED2C3311B600E7AB70 /* Build configuration list for PBXNativeTarget "CatsAppTests" */;
			buildPhases = (
				8CF61FD22C3311B600E7AB70 /* Sources */,
				8CF61FD32C3311B600E7AB70 /* Frameworks */,
				8CF61FD42C3311B600E7AB70 /* Resources */,
			);
			buildRules = (
			);
			dependencies = (
				8CF61FD82C3311B600E7AB70 /* PBXTargetDependency */,
			);
			name = CatsAppTests;
			productName = CatsAppTests;
			productReference = 8CF61FD62C3311B600E7AB70 /* CatsAppTests.xctest */;
			productType = "com.apple.product-type.bundle.unit-test";
		};
		8CF61FDF2C3311B600E7AB70 /* CatsAppUITests */ = {
			isa = PBXNativeTarget;
			buildConfigurationList = 8CF61FF02C3311B600E7AB70 /* Build configuration list for PBXNativeTarget "CatsAppUITests" */;
			buildPhases = (
				8CF61FDC2C3311B600E7AB70 /* Sources */,
				8CF61FDD2C3311B600E7AB70 /* Frameworks */,
				8CF61FDE2C3311B600E7AB70 /* Resources */,
			);
			buildRules = (
			);
			dependencies = (
				8CF61FE22C3311B600E7AB70 /* PBXTargetDependency */,
			);
			name = CatsAppUITests;
			productName = CatsAppUITests;
			productReference = 8CF61FE02C3311B600E7AB70 /* CatsAppUITests.xctest */;
			productType = "com.apple.product-type.bundle.ui-testing";
		};
/* End PBXNativeTarget section */

/* Begin PBXProject section */
		8CF61FB82C3311B200E7AB70 /* Project object */ = {
			isa = PBXProject;
			attributes = {
				BuildIndependentTargetsInParallel = 1;
				LastSwiftUpdateCheck = 1540;
				LastUpgradeCheck = 1540;
				TargetAttributes = {
					8CF61FBF2C3311B200E7AB70 = {
						CreatedOnToolsVersion = 15.4;
					};
					8CF61FD52C3311B600E7AB70 = {
						CreatedOnToolsVersion = 15.4;
						TestTargetID = 8CF61FBF2C3311B200E7AB70;
					};
					8CF61FDF2C3311B600E7AB70 = {
						CreatedOnToolsVersion = 15.4;
						TestTargetID = 8CF61FBF2C3311B200E7AB70;
					};
				};
			};
			buildConfigurationList = 8CF61FBB2C3311B200E7AB70 /* Build configuration list for PBXProject "CatsApp" */;
			compatibilityVersion = "Xcode 14.0";
			developmentRegion = en;
			hasScannedForEncodings = 0;
			knownRegions = (
				en,
				Base,
			);
			mainGroup = 8CF61FB72C3311B200E7AB70;
			productRefGroup = 8CF61FC12C3311B200E7AB70 /* Products */;
			projectDirPath = "";
			projectRoot = "";
			targets = (
				8CF61FBF2C3311B200E7AB70 /* CatsApp */,
				8CF61FD52C3311B600E7AB70 /* CatsAppTests */,
				8CF61FDF2C3311B600E7AB70 /* CatsAppUITests */,
			);
		};
/* End PBXProject section */

/* Begin PBXResourcesBuildPhase section */
		8CF61FBE2C3311B200E7AB70 /* Resources */ = {
			isa = PBXResourcesBuildPhase;
			buildActionMask = 2147483647;
			files = (
				8CF61FCD2C3311B600E7AB70 /* Assets.xcassets in Resources */,
				8CF61FD02C3311B600E7AB70 /* Base in Resources */,
				8CF61FCB2C3311B200E7AB70 /* Base in Resources */,
			);
			runOnlyForDeploymentPostprocessing = 0;
		};
		8CF61FD42C3311B600E7AB70 /* Resources */ = {
			isa = PBXResourcesBuildPhase;
			buildActionMask = 2147483647;
			files = (
			);
			runOnlyForDeploymentPostprocessing = 0;
		};
		8CF61FDE2C3311B600E7AB70 /* Resources */ = {
			isa = PBXResourcesBuildPhase;
			buildActionMask = 2147483647;
			files = (
			);
			runOnlyForDeploymentPostprocessing = 0;
		};
/* End PBXResourcesBuildPhase section */

/* Begin PBXSourcesBuildPhase section */
		8CF61FBC2C3311B200E7AB70 /* Sources */ = {
			isa = PBXSourcesBuildPhase;
			buildActionMask = 2147483647;
			files = (
				8C5896BE2C33388C00D9BA79 /* CatListViewController.swift in Sources */,
				8CF61FC42C3311B200E7AB70 /* AppDelegate.swift in Sources */,
				8C25700D2C36276C00DDF578 /* EndPoint.swift in Sources */,
				8C10531E2C36F50D00735E88 /* CatsListViewModel.swift in Sources */,
				8C2570072C36042C00DDF578 /* CatsModel.swift in Sources */,
				8CF61FC62C3311B200E7AB70 /* SceneDelegate.swift in Sources */,
			);
			runOnlyForDeploymentPostprocessing = 0;
		};
		8CF61FD22C3311B600E7AB70 /* Sources */ = {
			isa = PBXSourcesBuildPhase;
			buildActionMask = 2147483647;
			files = (
				8CF61FDB2C3311B600E7AB70 /* CatsAppTests.swift in Sources */,
			);
			runOnlyForDeploymentPostprocessing = 0;
		};
		8CF61FDC2C3311B600E7AB70 /* Sources */ = {
			isa = PBXSourcesBuildPhase;
			buildActionMask = 2147483647;
			files = (
				8CF61FE52C3311B600E7AB70 /* CatsAppUITests.swift in Sources */,
				8CF61FE72C3311B600E7AB70 /* CatsAppUITestsLaunchTests.swift in Sources */,
			);
			runOnlyForDeploymentPostprocessing = 0;
		};
/* End PBXSourcesBuildPhase section */

/* Begin PBXTargetDependency section */
		8CF61FD82C3311B600E7AB70 /* PBXTargetDependency */ = {
			isa = PBXTargetDependency;
			target = 8CF61FBF2C3311B200E7AB70 /* CatsApp */;
			targetProxy = 8CF61FD72C3311B600E7AB70 /* PBXContainerItemProxy */;
		};
		8CF61FE22C3311B600E7AB70 /* PBXTargetDependency */ = {
			isa = PBXTargetDependency;
			target = 8CF61FBF2C3311B200E7AB70 /* CatsApp */;
			targetProxy = 8CF61FE12C3311B600E7AB70 /* PBXContainerItemProxy */;
		};
/* End PBXTargetDependency section */

/* Begin PBXVariantGroup section */
		8CF61FC92C3311B200E7AB70 /* Main.storyboard */ = {
			isa = PBXVariantGroup;
			children = (
				8CF61FCA2C3311B200E7AB70 /* Base */,
			);
			name = Main.storyboard;
			sourceTree = "<group>";
		};
		8CF61FCE2C3311B600E7AB70 /* LaunchScreen.storyboard */ = {
			isa = PBXVariantGroup;
			children = (
				8CF61FCF2C3311B600E7AB70 /* Base */,
			);
			name = LaunchScreen.storyboard;
			sourceTree = "<group>";
		};
/* End PBXVariantGroup section */

/* Begin XCBuildConfiguration section */
		8CF61FE82C3311B600E7AB70 /* Debug */ = {
			isa = XCBuildConfiguration;
			buildSettings = {
				ALWAYS_SEARCH_USER_PATHS = NO;
				ASSETCATALOG_COMPILER_GENERATE_SWIFT_ASSET_SYMBOL_EXTENSIONS = YES;
				CLANG_ANALYZER_NONNULL = YES;
				CLANG_ANALYZER_NUMBER_OBJECT_CONVERSION = YES_AGGRESSIVE;
				CLANG_CXX_LANGUAGE_STANDARD = "gnu++20";
				CLANG_ENABLE_MODULES = YES;
				CLANG_ENABLE_OBJC_ARC = YES;
				CLANG_ENABLE_OBJC_WEAK = YES;
				CLANG_WARN_BLOCK_CAPTURE_AUTORELEASING = YES;
				CLANG_WARN_BOOL_CONVERSION = YES;
				CLANG_WARN_COMMA = YES;
				CLANG_WARN_CONSTANT_CONVERSION = YES;
				CLANG_WARN_DEPRECATED_OBJC_IMPLEMENTATIONS = YES;
				CLANG_WARN_DIRECT_OBJC_ISA_USAGE = YES_ERROR;
				CLANG_WARN_DOCUMENTATION_COMMENTS = YES;
				CLANG_WARN_EMPTY_BODY = YES;
				CLANG_WARN_ENUM_CONVERSION = YES;
				CLANG_WARN_INFINITE_RECURSION = YES;
				CLANG_WARN_INT_CONVERSION = YES;
				CLANG_WARN_NON_LITERAL_NULL_CONVERSION = YES;
				CLANG_WARN_OBJC_IMPLICIT_RETAIN_SELF = YES;
				CLANG_WARN_OBJC_LITERAL_CONVERSION = YES;
				CLANG_WARN_OBJC_ROOT_CLASS = YES_ERROR;
				CLANG_WARN_QUOTED_INCLUDE_IN_FRAMEWORK_HEADER = YES;
				CLANG_WARN_RANGE_LOOP_ANALYSIS = YES;
				CLANG_WARN_STRICT_PROTOTYPES = YES;
				CLANG_WARN_SUSPICIOUS_MOVE = YES;
				CLANG_WARN_UNGUARDED_AVAILABILITY = YES_AGGRESSIVE;
				CLANG_WARN_UNREACHABLE_CODE = YES;
				CLANG_WARN__DUPLICATE_METHOD_MATCH = YES;
				COPY_PHASE_STRIP = NO;
				DEBUG_INFORMATION_FORMAT = dwarf;
				ENABLE_STRICT_OBJC_MSGSEND = YES;
				ENABLE_TESTABILITY = YES;
				ENABLE_USER_SCRIPT_SANDBOXING = YES;
				GCC_C_LANGUAGE_STANDARD = gnu17;
				GCC_DYNAMIC_NO_PIC = NO;
				GCC_NO_COMMON_BLOCKS = YES;
				GCC_OPTIMIZATION_LEVEL = 0;
				GCC_PREPROCESSOR_DEFINITIONS = (
					"DEBUG=1",
					"$(inherited)",
				);
				GCC_WARN_64_TO_32_BIT_CONVERSION = YES;
				GCC_WARN_ABOUT_RETURN_TYPE = YES_ERROR;
				GCC_WARN_UNDECLARED_SELECTOR = YES;
				GCC_WARN_UNINITIALIZED_AUTOS = YES_AGGRESSIVE;
				GCC_WARN_UNUSED_FUNCTION = YES;
				GCC_WARN_UNUSED_VARIABLE = YES;
				IPHONEOS_DEPLOYMENT_TARGET = 17.5;
				LOCALIZATION_PREFERS_STRING_CATALOGS = YES;
				MTL_ENABLE_DEBUG_INFO = INCLUDE_SOURCE;
				MTL_FAST_MATH = YES;
				ONLY_ACTIVE_ARCH = YES;
				SDKROOT = iphoneos;
				SWIFT_ACTIVE_COMPILATION_CONDITIONS = "DEBUG $(inherited)";
				SWIFT_OPTIMIZATION_LEVEL = "-Onone";
			};
			name = Debug;
		};
		8CF61FE92C3311B600E7AB70 /* Release */ = {
			isa = XCBuildConfiguration;
			buildSettings = {
				ALWAYS_SEARCH_USER_PATHS = NO;
				ASSETCATALOG_COMPILER_GENERATE_SWIFT_ASSET_SYMBOL_EXTENSIONS = YES;
				CLANG_ANALYZER_NONNULL = YES;
				CLANG_ANALYZER_NUMBER_OBJECT_CONVERSION = YES_AGGRESSIVE;
				CLANG_CXX_LANGUAGE_STANDARD = "gnu++20";
				CLANG_ENABLE_MODULES = YES;
				CLANG_ENABLE_OBJC_ARC = YES;
				CLANG_ENABLE_OBJC_WEAK = YES;
				CLANG_WARN_BLOCK_CAPTURE_AUTORELEASING = YES;
				CLANG_WARN_BOOL_CONVERSION = YES;
				CLANG_WARN_COMMA = YES;
				CLANG_WARN_CONSTANT_CONVERSION = YES;
				CLANG_WARN_DEPRECATED_OBJC_IMPLEMENTATIONS = YES;
				CLANG_WARN_DIRECT_OBJC_ISA_USAGE = YES_ERROR;
				CLANG_WARN_DOCUMENTATION_COMMENTS = YES;
				CLANG_WARN_EMPTY_BODY = YES;
				CLANG_WARN_ENUM_CONVERSION = YES;
				CLANG_WARN_INFINITE_RECURSION = YES;
				CLANG_WARN_INT_CONVERSION = YES;
				CLANG_WARN_NON_LITERAL_NULL_CONVERSION = YES;
				CLANG_WARN_OBJC_IMPLICIT_RETAIN_SELF = YES;
				CLANG_WARN_OBJC_LITERAL_CONVERSION = YES;
				CLANG_WARN_OBJC_ROOT_CLASS = YES_ERROR;
				CLANG_WARN_QUOTED_INCLUDE_IN_FRAMEWORK_HEADER = YES;
				CLANG_WARN_RANGE_LOOP_ANALYSIS = YES;
				CLANG_WARN_STRICT_PROTOTYPES = YES;
				CLANG_WARN_SUSPICIOUS_MOVE = YES;
				CLANG_WARN_UNGUARDED_AVAILABILITY = YES_AGGRESSIVE;
				CLANG_WARN_UNREACHABLE_CODE = YES;
				CLANG_WARN__DUPLICATE_METHOD_MATCH = YES;
				COPY_PHASE_STRIP = NO;
				DEBUG_INFORMATION_FORMAT = "dwarf-with-dsym";
				ENABLE_NS_ASSERTIONS = NO;
				ENABLE_STRICT_OBJC_MSGSEND = YES;
				ENABLE_USER_SCRIPT_SANDBOXING = YES;
				GCC_C_LANGUAGE_STANDARD = gnu17;
				GCC_NO_COMMON_BLOCKS = YES;
				GCC_WARN_64_TO_32_BIT_CONVERSION = YES;
				GCC_WARN_ABOUT_RETURN_TYPE = YES_ERROR;
				GCC_WARN_UNDECLARED_SELECTOR = YES;
				GCC_WARN_UNINITIALIZED_AUTOS = YES_AGGRESSIVE;
				GCC_WARN_UNUSED_FUNCTION = YES;
				GCC_WARN_UNUSED_VARIABLE = YES;
				IPHONEOS_DEPLOYMENT_TARGET = 17.5;
				LOCALIZATION_PREFERS_STRING_CATALOGS = YES;
				MTL_ENABLE_DEBUG_INFO = NO;
				MTL_FAST_MATH = YES;
				SDKROOT = iphoneos;
				SWIFT_COMPILATION_MODE = wholemodule;
				VALIDATE_PRODUCT = YES;
			};
			name = Release;
		};
		8CF61FEB2C3311B600E7AB70 /* Debug */ = {
			isa = XCBuildConfiguration;
			buildSettings = {
				ASSETCATALOG_COMPILER_APPICON_NAME = AppIcon;
				ASSETCATALOG_COMPILER_GLOBAL_ACCENT_COLOR_NAME = AccentColor;
				CODE_SIGN_STYLE = Automatic;
				CURRENT_PROJECT_VERSION = 1;
				GENERATE_INFOPLIST_FILE = YES;
				INFOPLIST_FILE = CatsApp/Info.plist;
				INFOPLIST_KEY_UIApplicationSupportsIndirectInputEvents = YES;
				INFOPLIST_KEY_UILaunchStoryboardName = LaunchScreen;
				INFOPLIST_KEY_UIMainStoryboardFile = Main;
				INFOPLIST_KEY_UISupportedInterfaceOrientations = "UIInterfaceOrientationLandscapeLeft UIInterfaceOrientationLandscapeRight UIInterfaceOrientationPortrait";
				INFOPLIST_KEY_UISupportedInterfaceOrientations_iPad = "UIInterfaceOrientationLandscapeLeft UIInterfaceOrientationLandscapeRight UIInterfaceOrientationPortrait UIInterfaceOrientationPortraitUpsideDown";
				LD_RUNPATH_SEARCH_PATHS = (
					"$(inherited)",
					"@executable_path/Frameworks",
				);
				MARKETING_VERSION = 1.0;
				PRODUCT_BUNDLE_IDENTIFIER = msaravia.com.CatsApp;
				PRODUCT_NAME = "$(TARGET_NAME)";
				SWIFT_EMIT_LOC_STRINGS = YES;
				SWIFT_VERSION = 5.0;
				TARGETED_DEVICE_FAMILY = "1,2";
			};
			name = Debug;
		};
		8CF61FEC2C3311B600E7AB70 /* Release */ = {
			isa = XCBuildConfiguration;
			buildSettings = {
				ASSETCATALOG_COMPILER_APPICON_NAME = AppIcon;
				ASSETCATALOG_COMPILER_GLOBAL_ACCENT_COLOR_NAME = AccentColor;
				CODE_SIGN_STYLE = Automatic;
				CURRENT_PROJECT_VERSION = 1;
				GENERATE_INFOPLIST_FILE = YES;
				INFOPLIST_FILE = CatsApp/Info.plist;
				INFOPLIST_KEY_UIApplicationSupportsIndirectInputEvents = YES;
				INFOPLIST_KEY_UILaunchStoryboardName = LaunchScreen;
				INFOPLIST_KEY_UIMainStoryboardFile = Main;
				INFOPLIST_KEY_UISupportedInterfaceOrientations = "UIInterfaceOrientationLandscapeLeft UIInterfaceOrientationLandscapeRight UIInterfaceOrientationPortrait";
				INFOPLIST_KEY_UISupportedInterfaceOrientations_iPad = "UIInterfaceOrientationLandscapeLeft UIInterfaceOrientationLandscapeRight UIInterfaceOrientationPortrait UIInterfaceOrientationPortraitUpsideDown";
				LD_RUNPATH_SEARCH_PATHS = (
					"$(inherited)",
					"@executable_path/Frameworks",
				);
				MARKETING_VERSION = 1.0;
				PRODUCT_BUNDLE_IDENTIFIER = msaravia.com.CatsApp;
				PRODUCT_NAME = "$(TARGET_NAME)";
				SWIFT_EMIT_LOC_STRINGS = YES;
				SWIFT_VERSION = 5.0;
				TARGETED_DEVICE_FAMILY = "1,2";
			};
			name = Release;
		};
		8CF61FEE2C3311B600E7AB70 /* Debug */ = {
			isa = XCBuildConfiguration;
			buildSettings = {
				ALWAYS_EMBED_SWIFT_STANDARD_LIBRARIES = YES;
				BUNDLE_LOADER = "$(TEST_HOST)";
				CODE_SIGN_STYLE = Automatic;
				CURRENT_PROJECT_VERSION = 1;
				GENERATE_INFOPLIST_FILE = YES;
				IPHONEOS_DEPLOYMENT_TARGET = 17.5;
				MARKETING_VERSION = 1.0;
				PRODUCT_BUNDLE_IDENTIFIER = msaravia.com.CatsAppTests;
				PRODUCT_NAME = "$(TARGET_NAME)";
				SWIFT_EMIT_LOC_STRINGS = NO;
				SWIFT_VERSION = 5.0;
				TARGETED_DEVICE_FAMILY = "1,2";
				TEST_HOST = "$(BUILT_PRODUCTS_DIR)/CatsApp.app/$(BUNDLE_EXECUTABLE_FOLDER_PATH)/CatsApp";
			};
			name = Debug;
		};
		8CF61FEF2C3311B600E7AB70 /* Release */ = {
			isa = XCBuildConfiguration;
			buildSettings = {
				ALWAYS_EMBED_SWIFT_STANDARD_LIBRARIES = YES;
				BUNDLE_LOADER = "$(TEST_HOST)";
				CODE_SIGN_STYLE = Automatic;
				CURRENT_PROJECT_VERSION = 1;
				GENERATE_INFOPLIST_FILE = YES;
				IPHONEOS_DEPLOYMENT_TARGET = 17.5;
				MARKETING_VERSION = 1.0;
				PRODUCT_BUNDLE_IDENTIFIER = msaravia.com.CatsAppTests;
				PRODUCT_NAME = "$(TARGET_NAME)";
				SWIFT_EMIT_LOC_STRINGS = NO;
				SWIFT_VERSION = 5.0;
				TARGETED_DEVICE_FAMILY = "1,2";
				TEST_HOST = "$(BUILT_PRODUCTS_DIR)/CatsApp.app/$(BUNDLE_EXECUTABLE_FOLDER_PATH)/CatsApp";
			};
			name = Release;
		};
		8CF61FF12C3311B600E7AB70 /* Debug */ = {
			isa = XCBuildConfiguration;
			buildSettings = {
				ALWAYS_EMBED_SWIFT_STANDARD_LIBRARIES = YES;
				CODE_SIGN_STYLE = Automatic;
				CURRENT_PROJECT_VERSION = 1;
				GENERATE_INFOPLIST_FILE = YES;
				MARKETING_VERSION = 1.0;
				PRODUCT_BUNDLE_IDENTIFIER = msaravia.com.CatsAppUITests;
				PRODUCT_NAME = "$(TARGET_NAME)";
				SWIFT_EMIT_LOC_STRINGS = NO;
				SWIFT_VERSION = 5.0;
				TARGETED_DEVICE_FAMILY = "1,2";
				TEST_TARGET_NAME = CatsApp;
			};
			name = Debug;
		};
		8CF61FF22C3311B600E7AB70 /* Release */ = {
			isa = XCBuildConfiguration;
			buildSettings = {
				ALWAYS_EMBED_SWIFT_STANDARD_LIBRARIES = YES;
				CODE_SIGN_STYLE = Automatic;
				CURRENT_PROJECT_VERSION = 1;
				GENERATE_INFOPLIST_FILE = YES;
				MARKETING_VERSION = 1.0;
				PRODUCT_BUNDLE_IDENTIFIER = msaravia.com.CatsAppUITests;
				PRODUCT_NAME = "$(TARGET_NAME)";
				SWIFT_EMIT_LOC_STRINGS = NO;
				SWIFT_VERSION = 5.0;
				TARGETED_DEVICE_FAMILY = "1,2";
				TEST_TARGET_NAME = CatsApp;
			};
			name = Release;
		};
/* End XCBuildConfiguration section */

/* Begin XCConfigurationList section */
		8CF61FBB2C3311B200E7AB70 /* Build configuration list for PBXProject "CatsApp" */ = {
			isa = XCConfigurationList;
			buildConfigurations = (
				8CF61FE82C3311B600E7AB70 /* Debug */,
				8CF61FE92C3311B600E7AB70 /* Release */,
			);
			defaultConfigurationIsVisible = 0;
			defaultConfigurationName = Release;
		};
		8CF61FEA2C3311B600E7AB70 /* Build configuration list for PBXNativeTarget "CatsApp" */ = {
			isa = XCConfigurationList;
			buildConfigurations = (
				8CF61FEB2C3311B600E7AB70 /* Debug */,
				8CF61FEC2C3311B600E7AB70 /* Release */,
			);
			defaultConfigurationIsVisible = 0;
			defaultConfigurationName = Release;
		};
		8CF61FED2C3311B600E7AB70 /* Build configuration list for PBXNativeTarget "CatsAppTests" */ = {
			isa = XCConfigurationList;
			buildConfigurations = (
				8CF61FEE2C3311B600E7AB70 /* Debug */,
				8CF61FEF2C3311B600E7AB70 /* Release */,
			);
			defaultConfigurationIsVisible = 0;
			defaultConfigurationName = Release;
		};
		8CF61FF02C3311B600E7AB70 /* Build configuration list for PBXNativeTarget "CatsAppUITests" */ = {
			isa = XCConfigurationList;
			buildConfigurations = (
				8CF61FF12C3311B600E7AB70 /* Debug */,
				8CF61FF22C3311B600E7AB70 /* Release */,
			);
			defaultConfigurationIsVisible = 0;
			defaultConfigurationName = Release;
		};
/* End XCConfigurationList section */
	};
	rootObject = 8CF61FB82C3311B200E7AB70 /* Project object */;
}
